// !$*UTF8*$!
{
	archiveVersion = 1;
	classes = {
	};
	objectVersion = 56;
	objects = {

/* Begin PBXBuildFile section */
		40CC12082BD55009004F2126 /* InProgressViewController.m in Sources */ = {isa = PBXBuildFile; fileRef = 40CC12072BD55009004F2126 /* InProgressViewController.m */; };
		40CC120B2BD55028004F2126 /* DoneViewController.m in Sources */ = {isa = PBXBuildFile; fileRef = 40CC120A2BD55028004F2126 /* DoneViewController.m */; };
		40CC120E2BD550A1004F2126 /* DetailesViewController.m in Sources */ = {isa = PBXBuildFile; fileRef = 40CC120D2BD550A1004F2126 /* DetailesViewController.m */; };
		40CC12142BD55FB7004F2126 /* CustomTableViewCell.m in Sources */ = {isa = PBXBuildFile; fileRef = 40CC12132BD55FB7004F2126 /* CustomTableViewCell.m */; };
		40D6D9622BD5306300D18350 /* AppDelegate.m in Sources */ = {isa = PBXBuildFile; fileRef = 40D6D9612BD5306300D18350 /* AppDelegate.m */; };
		40D6D9652BD5306300D18350 /* SceneDelegate.m in Sources */ = {isa = PBXBuildFile; fileRef = 40D6D9642BD5306300D18350 /* SceneDelegate.m */; };
		40D6D9682BD5306300D18350 /* ViewController.m in Sources */ = {isa = PBXBuildFile; fileRef = 40D6D9672BD5306300D18350 /* ViewController.m */; };
		40D6D96B2BD5306300D18350 /* Base in Resources */ = {isa = PBXBuildFile; fileRef = 40D6D96A2BD5306300D18350 /* Base */; };
		40D6D96D2BD5306500D18350 /* Assets.xcassets in Resources */ = {isa = PBXBuildFile; fileRef = 40D6D96C2BD5306500D18350 /* Assets.xcassets */; };
		40D6D9702BD5306500D18350 /* Base in Resources */ = {isa = PBXBuildFile; fileRef = 40D6D96F2BD5306500D18350 /* Base */; };
		40D6D9732BD5306500D18350 /* main.m in Sources */ = {isa = PBXBuildFile; fileRef = 40D6D9722BD5306500D18350 /* main.m */; };
		40ED4E212BD5B36C00512EBF /* Task.m in Sources */ = {isa = PBXBuildFile; fileRef = 40ED4E202BD5B36C00512EBF /* Task.m */; };
/* End PBXBuildFile section */

/* Begin PBXFileReference section */
		40CC12062BD55009004F2126 /* InProgressViewController.h */ = {isa = PBXFileReference; lastKnownFileType = sourcecode.c.h; path = InProgressViewController.h; sourceTree = "<group>"; };
		40CC12072BD55009004F2126 /* InProgressViewController.m */ = {isa = PBXFileReference; lastKnownFileType = sourcecode.c.objc; path = InProgressViewController.m; sourceTree = "<group>"; };
		40CC12092BD55028004F2126 /* DoneViewController.h */ = {isa = PBXFileReference; lastKnownFileType = sourcecode.c.h; path = DoneViewController.h; sourceTree = "<group>"; };
		40CC120A2BD55028004F2126 /* DoneViewController.m */ = {isa = PBXFileReference; lastKnownFileType = sourcecode.c.objc; path = DoneViewController.m; sourceTree = "<group>"; };
		40CC120C2BD550A1004F2126 /* DetailesViewController.h */ = {isa = PBXFileReference; lastKnownFileType = sourcecode.c.h; path = DetailesViewController.h; sourceTree = "<group>"; };
		40CC120D2BD550A1004F2126 /* DetailesViewController.m */ = {isa = PBXFileReference; lastKnownFileType = sourcecode.c.objc; path = DetailesViewController.m; sourceTree = "<group>"; };
		40CC12122BD55FB7004F2126 /* CustomTableViewCell.h */ = {isa = PBXFileReference; lastKnownFileType = sourcecode.c.h; path = CustomTableViewCell.h; sourceTree = "<group>"; };
		40CC12132BD55FB7004F2126 /* CustomTableViewCell.m */ = {isa = PBXFileReference; lastKnownFileType = sourcecode.c.objc; path = CustomTableViewCell.m; sourceTree = "<group>"; };
		40D6D95D2BD5306300D18350 /* ToDo.app */ = {isa = PBXFileReference; explicitFileType = wrapper.application; includeInIndex = 0; path = ToDo.app; sourceTree = BUILT_PRODUCTS_DIR; };
		40D6D9602BD5306300D18350 /* AppDelegate.h */ = {isa = PBXFileReference; lastKnownFileType = sourcecode.c.h; path = AppDelegate.h; sourceTree = "<group>"; };
		40D6D9612BD5306300D18350 /* AppDelegate.m */ = {isa = PBXFileReference; lastKnownFileType = sourcecode.c.objc; path = AppDelegate.m; sourceTree = "<group>"; };
		40D6D9632BD5306300D18350 /* SceneDelegate.h */ = {isa = PBXFileReference; lastKnownFileType = sourcecode.c.h; path = SceneDelegate.h; sourceTree = "<group>"; };
		40D6D9642BD5306300D18350 /* SceneDelegate.m */ = {isa = PBXFileReference; lastKnownFileType = sourcecode.c.objc; path = SceneDelegate.m; sourceTree = "<group>"; };
		40D6D9662BD5306300D18350 /* ViewController.h */ = {isa = PBXFileReference; lastKnownFileType = sourcecode.c.h; path = ViewController.h; sourceTree = "<group>"; };
		40D6D9672BD5306300D18350 /* ViewController.m */ = {isa = PBXFileReference; lastKnownFileType = sourcecode.c.objc; path = ViewController.m; sourceTree = "<group>"; };
		40D6D96A2BD5306300D18350 /* Base */ = {isa = PBXFileReference; lastKnownFileType = file.storyboard; name = Base; path = Base.lproj/Main.storyboard; sourceTree = "<group>"; };
		40D6D96C2BD5306500D18350 /* Assets.xcassets */ = {isa = PBXFileReference; lastKnownFileType = folder.assetcatalog; path = Assets.xcassets; sourceTree = "<group>"; };
		40D6D96F2BD5306500D18350 /* Base */ = {isa = PBXFileReference; lastKnownFileType = file.storyboard; name = Base; path = Base.lproj/LaunchScreen.storyboard; sourceTree = "<group>"; };
		40D6D9712BD5306500D18350 /* Info.plist */ = {isa = PBXFileReference; lastKnownFileType = text.plist.xml; path = Info.plist; sourceTree = "<group>"; };
		40D6D9722BD5306500D18350 /* main.m */ = {isa = PBXFileReference; lastKnownFileType = sourcecode.c.objc; path = main.m; sourceTree = "<group>"; };
		40ED4E1F2BD5B36C00512EBF /* Task.h */ = {isa = PBXFileReference; lastKnownFileType = sourcecode.c.h; path = Task.h; sourceTree = "<group>"; };
		40ED4E202BD5B36C00512EBF /* Task.m */ = {isa = PBXFileReference; lastKnownFileType = sourcecode.c.objc; path = Task.m; sourceTree = "<group>"; };
/* End PBXFileReference section */

/* Begin PBXFrameworksBuildPhase section */
		40D6D95A2BD5306300D18350 /* Frameworks */ = {
			isa = PBXFrameworksBuildPhase;
			buildActionMask = 2147483647;
			files = (
			);
			runOnlyForDeploymentPostprocessing = 0;
		};
/* End PBXFrameworksBuildPhase section */

/* Begin PBXGroup section */
		40D6D9542BD5306300D18350 = {
			isa = PBXGroup;
			children = (
				40D6D95F2BD5306300D18350 /* ToDo */,
				40D6D95E2BD5306300D18350 /* Products */,
			);
			sourceTree = "<group>";
		};
		40D6D95E2BD5306300D18350 /* Products */ = {
			isa = PBXGroup;
			children = (
				40D6D95D2BD5306300D18350 /* ToDo.app */,
			);
			name = Products;
			sourceTree = "<group>";
		};
		40D6D95F2BD5306300D18350 /* ToDo */ = {
			isa = PBXGroup;
			children = (
				40D6D9602BD5306300D18350 /* AppDelegate.h */,
				40D6D9612BD5306300D18350 /* AppDelegate.m */,
				40D6D9632BD5306300D18350 /* SceneDelegate.h */,
				40D6D9642BD5306300D18350 /* SceneDelegate.m */,
				40D6D9662BD5306300D18350 /* ViewController.h */,
				40D6D9672BD5306300D18350 /* ViewController.m */,
				40D6D9692BD5306300D18350 /* Main.storyboard */,
				40D6D96C2BD5306500D18350 /* Assets.xcassets */,
				40D6D96E2BD5306500D18350 /* LaunchScreen.storyboard */,
				40D6D9712BD5306500D18350 /* Info.plist */,
				40D6D9722BD5306500D18350 /* main.m */,
				40CC12062BD55009004F2126 /* InProgressViewController.h */,
				40CC12072BD55009004F2126 /* InProgressViewController.m */,
				40CC12092BD55028004F2126 /* DoneViewController.h */,
				40CC120A2BD55028004F2126 /* DoneViewController.m */,
				40CC120C2BD550A1004F2126 /* DetailesViewController.h */,
				40CC120D2BD550A1004F2126 /* DetailesViewController.m */,
				40CC12122BD55FB7004F2126 /* CustomTableViewCell.h */,
				40CC12132BD55FB7004F2126 /* CustomTableViewCell.m */,
				40ED4E1F2BD5B36C00512EBF /* Task.h */,
				40ED4E202BD5B36C00512EBF /* Task.m */,
			);
			path = ToDo;
			sourceTree = "<group>";
		};
/* End PBXGroup section */

/* Begin PBXNativeTarget section */
		40D6D95C2BD5306300D18350 /* ToDo */ = {
			isa = PBXNativeTarget;
			buildConfigurationList = 40D6D9762BD5306500D18350 /* Build configuration list for PBXNativeTarget "ToDo" */;
			buildPhases = (
				40D6D9592BD5306300D18350 /* Sources */,
				40D6D95A2BD5306300D18350 /* Frameworks */,
				40D6D95B2BD5306300D18350 /* Resources */,
			);
			buildRules = (
			);
			dependencies = (
			);
			name = ToDo;
			productName = ToDo;
			productReference = 40D6D95D2BD5306300D18350 /* ToDo.app */;
			productType = "com.apple.product-type.application";
		};
/* End PBXNativeTarget section */

/* Begin PBXProject section */
		40D6D9552BD5306300D18350 /* Project object */ = {
			isa = PBXProject;
			attributes = {
				BuildIndependentTargetsInParallel = 1;
				LastUpgradeCheck = 1530;
				TargetAttributes = {
					40D6D95C2BD5306300D18350 = {
						CreatedOnToolsVersion = 15.3;
					};
				};
			};
			buildConfigurationList = 40D6D9582BD5306300D18350 /* Build configuration list for PBXProject "ToDo" */;
			compatibilityVersion = "Xcode 14.0";
			developmentRegion = en;
			hasScannedForEncodings = 0;
			knownRegions = (
				en,
				Base,
			);
			mainGroup = 40D6D9542BD5306300D18350;
			productRefGroup = 40D6D95E2BD5306300D18350 /* Products */;
			projectDirPath = "";
			projectRoot = "";
			targets = (
				40D6D95C2BD5306300D18350 /* ToDo */,
			);
		};
/* End PBXProject section */

/* Begin PBXResourcesBuildPhase section */
		40D6D95B2BD5306300D18350 /* Resources */ = {
			isa = PBXResourcesBuildPhase;
			buildActionMask = 2147483647;
			files = (
				40D6D96D2BD5306500D18350 /* Assets.xcassets in Resources */,
				40D6D9702BD5306500D18350 /* Base in Resources */,
				40D6D96B2BD5306300D18350 /* Base in Resources */,
			);
			runOnlyForDeploymentPostprocessing = 0;
		};
/* End PBXResourcesBuildPhase section */

/* Begin PBXSourcesBuildPhase section */
		40D6D9592BD5306300D18350 /* Sources */ = {
			isa = PBXSourcesBuildPhase;
			buildActionMask = 2147483647;
			files = (
				40CC120E2BD550A1004F2126 /* DetailesViewController.m in Sources */,
				40CC120B2BD55028004F2126 /* DoneViewController.m in Sources */,
				40D6D9682BD5306300D18350 /* ViewController.m in Sources */,
				40CC12082BD55009004F2126 /* InProgressViewController.m in Sources */,
				40CC12142BD55FB7004F2126 /* CustomTableViewCell.m in Sources */,
				40D6D9622BD5306300D18350 /* AppDelegate.m in Sources */,
				40D6D9732BD5306500D18350 /* main.m in Sources */,
				40ED4E212BD5B36C00512EBF /* Task.m in Sources */,
				40D6D9652BD5306300D18350 /* SceneDelegate.m in Sources */,
			);
			runOnlyForDeploymentPostprocessing = 0;
		};
/* End PBXSourcesBuildPhase section */

/* Begin PBXVariantGroup section */
		40D6D9692BD5306300D18350 /* Main.storyboard */ = {
			isa = PBXVariantGroup;
			children = (
				40D6D96A2BD5306300D18350 /* Base */,
			);
			name = Main.storyboard;
			sourceTree = "<group>";
		};
		40D6D96E2BD5306500D18350 /* LaunchScreen.storyboard */ = {
			isa = PBXVariantGroup;
			children = (
				40D6D96F2BD5306500D18350 /* Base */,
			);
			name = LaunchScreen.storyboard;
			sourceTree = "<group>";
		};
/* End PBXVariantGroup section */

/* Begin XCBuildConfiguration section */
		40D6D9742BD5306500D18350 /* Debug */ = {
			isa = XCBuildConfiguration;
			buildSettings = {
				ALWAYS_SEARCH_USER_PATHS = NO;
				ASSETCATALOG_COMPILER_GENERATE_SWIFT_ASSET_SYMBOL_EXTENSIONS = YES;
				CLANG_ANALYZER_NONNULL = YES;
				CLANG_ANALYZER_NUMBER_OBJECT_CONVERSION = YES_AGGRESSIVE;
				CLANG_CXX_LANGUAGE_STANDARD = "gnu++20";
				CLANG_ENABLE_MODULES = YES;
				CLANG_ENABLE_OBJC_ARC = YES;
				CLANG_ENABLE_OBJC_WEAK = YES;
				CLANG_WARN_BLOCK_CAPTURE_AUTORELEASING = YES;
				CLANG_WARN_BOOL_CONVERSION = YES;
				CLANG_WARN_COMMA = YES;
				CLANG_WARN_CONSTANT_CONVERSION = YES;
				CLANG_WARN_DEPRECATED_OBJC_IMPLEMENTATIONS = YES;
				CLANG_WARN_DIRECT_OBJC_ISA_USAGE = YES_ERROR;
				CLANG_WARN_DOCUMENTATION_COMMENTS = YES;
				CLANG_WARN_EMPTY_BODY = YES;
				CLANG_WARN_ENUM_CONVERSION = YES;
				CLANG_WARN_INFINITE_RECURSION = YES;
				CLANG_WARN_INT_CONVERSION = YES;
				CLANG_WARN_NON_LITERAL_NULL_CONVERSION = YES;
				CLANG_WARN_OBJC_IMPLICIT_RETAIN_SELF = YES;
				CLANG_WARN_OBJC_LITERAL_CONVERSION = YES;
				CLANG_WARN_OBJC_ROOT_CLASS = YES_ERROR;
				CLANG_WARN_QUOTED_INCLUDE_IN_FRAMEWORK_HEADER = YES;
				CLANG_WARN_RANGE_LOOP_ANALYSIS = YES;
				CLANG_WARN_STRICT_PROTOTYPES = YES;
				CLANG_WARN_SUSPICIOUS_MOVE = YES;
				CLANG_WARN_UNGUARDED_AVAILABILITY = YES_AGGRESSIVE;
				CLANG_WARN_UNREACHABLE_CODE = YES;
				CLANG_WARN__DUPLICATE_METHOD_MATCH = YES;
				COPY_PHASE_STRIP = NO;
				DEBUG_INFORMATION_FORMAT = dwarf;
				ENABLE_STRICT_OBJC_MSGSEND = YES;
				ENABLE_TESTABILITY = YES;
				ENABLE_USER_SCRIPT_SANDBOXING = YES;
				GCC_C_LANGUAGE_STANDARD = gnu17;
				GCC_DYNAMIC_NO_PIC = NO;
				GCC_NO_COMMON_BLOCKS = YES;
				GCC_OPTIMIZATION_LEVEL = 0;
				GCC_PREPROCESSOR_DEFINITIONS = (
					"DEBUG=1",
					"$(inherited)",
				);
				GCC_WARN_64_TO_32_BIT_CONVERSION = YES;
				GCC_WARN_ABOUT_RETURN_TYPE = YES_ERROR;
				GCC_WARN_UNDECLARED_SELECTOR = YES;
				GCC_WARN_UNINITIALIZED_AUTOS = YES_AGGRESSIVE;
				GCC_WARN_UNUSED_FUNCTION = YES;
				GCC_WARN_UNUSED_VARIABLE = YES;
				IPHONEOS_DEPLOYMENT_TARGET = 17.4;
				LOCALIZATION_PREFERS_STRING_CATALOGS = YES;
				MTL_ENABLE_DEBUG_INFO = INCLUDE_SOURCE;
				MTL_FAST_MATH = YES;
				ONLY_ACTIVE_ARCH = YES;
				SDKROOT = iphoneos;
			};
			name = Debug;
		};
		40D6D9752BD5306500D18350 /* Release */ = {
			isa = XCBuildConfiguration;
			buildSettings = {
				ALWAYS_SEARCH_USER_PATHS = NO;
				ASSETCATALOG_COMPILER_GENERATE_SWIFT_ASSET_SYMBOL_EXTENSIONS = YES;
				CLANG_ANALYZER_NONNULL = YES;
				CLANG_ANALYZER_NUMBER_OBJECT_CONVERSION = YES_AGGRESSIVE;
				CLANG_CXX_LANGUAGE_STANDARD = "gnu++20";
				CLANG_ENABLE_MODULES = YES;
				CLANG_ENABLE_OBJC_ARC = YES;
				CLANG_ENABLE_OBJC_WEAK = YES;
				CLANG_WARN_BLOCK_CAPTURE_AUTORELEASING = YES;
				CLANG_WARN_BOOL_CONVERSION = YES;
				CLANG_WARN_COMMA = YES;
				CLANG_WARN_CONSTANT_CONVERSION = YES;
				CLANG_WARN_DEPRECATED_OBJC_IMPLEMENTATIONS = YES;
				CLANG_WARN_DIRECT_OBJC_ISA_USAGE = YES_ERROR;
				CLANG_WARN_DOCUMENTATION_COMMENTS = YES;
				CLANG_WARN_EMPTY_BODY = YES;
				CLANG_WARN_ENUM_CONVERSION = YES;
				CLANG_WARN_INFINITE_RECURSION = YES;
				CLANG_WARN_INT_CONVERSION = YES;
				CLANG_WARN_NON_LITERAL_NULL_CONVERSION = YES;
				CLANG_WARN_OBJC_IMPLICIT_RETAIN_SELF = YES;
				CLANG_WARN_OBJC_LITERAL_CONVERSION = YES;
				CLANG_WARN_OBJC_ROOT_CLASS = YES_ERROR;
				CLANG_WARN_QUOTED_INCLUDE_IN_FRAMEWORK_HEADER = YES;
				CLANG_WARN_RANGE_LOOP_ANALYSIS = YES;
				CLANG_WARN_STRICT_PROTOTYPES = YES;
				CLANG_WARN_SUSPICIOUS_MOVE = YES;
				CLANG_WARN_UNGUARDED_AVAILABILITY = YES_AGGRESSIVE;
				CLANG_WARN_UNREACHABLE_CODE = YES;
				CLANG_WARN__DUPLICATE_METHOD_MATCH = YES;
				COPY_PHASE_STRIP = NO;
				DEBUG_INFORMATION_FORMAT = "dwarf-with-dsym";
				ENABLE_NS_ASSERTIONS = NO;
				ENABLE_STRICT_OBJC_MSGSEND = YES;
				ENABLE_USER_SCRIPT_SANDBOXING = YES;
				GCC_C_LANGUAGE_STANDARD = gnu17;
				GCC_NO_COMMON_BLOCKS = YES;
				GCC_WARN_64_TO_32_BIT_CONVERSION = YES;
				GCC_WARN_ABOUT_RETURN_TYPE = YES_ERROR;
				GCC_WARN_UNDECLARED_SELECTOR = YES;
				GCC_WARN_UNINITIALIZED_AUTOS = YES_AGGRESSIVE;
				GCC_WARN_UNUSED_FUNCTION = YES;
				GCC_WARN_UNUSED_VARIABLE = YES;
				IPHONEOS_DEPLOYMENT_TARGET = 17.4;
				LOCALIZATION_PREFERS_STRING_CATALOGS = YES;
				MTL_ENABLE_DEBUG_INFO = NO;
				MTL_FAST_MATH = YES;
				SDKROOT = iphoneos;
				VALIDATE_PRODUCT = YES;
			};
			name = Release;
		};
		40D6D9772BD5306500D18350 /* Debug */ = {
			isa = XCBuildConfiguration;
			buildSettings = {
				ASSETCATALOG_COMPILER_APPICON_NAME = AppIcon;
				ASSETCATALOG_COMPILER_GLOBAL_ACCENT_COLOR_NAME = AccentColor;
				CODE_SIGN_STYLE = Automatic;
				CURRENT_PROJECT_VERSION = 1;
				GENERATE_INFOPLIST_FILE = YES;
				INFOPLIST_FILE = ToDo/Info.plist;
				INFOPLIST_KEY_UIApplicationSupportsIndirectInputEvents = YES;
				INFOPLIST_KEY_UILaunchStoryboardName = LaunchScreen;
				INFOPLIST_KEY_UIMainStoryboardFile = Main;
				INFOPLIST_KEY_UISupportedInterfaceOrientations_iPad = "UIInterfaceOrientationPortrait UIInterfaceOrientationPortraitUpsideDown UIInterfaceOrientationLandscapeLeft UIInterfaceOrientationLandscapeRight";
				INFOPLIST_KEY_UISupportedInterfaceOrientations_iPhone = "UIInterfaceOrientationPortrait UIInterfaceOrientationLandscapeLeft UIInterfaceOrientationLandscapeRight";
				IPHONEOS_DEPLOYMENT_TARGET = 15.0;
				LD_RUNPATH_SEARCH_PATHS = (
					"$(inherited)",
					"@executable_path/Frameworks",
				);
				MARKETING_VERSION = 1.0;
				PRODUCT_BUNDLE_IDENTIFIER = ITI.ToDo;
				PRODUCT_NAME = "$(TARGET_NAME)";
				SWIFT_EMIT_LOC_STRINGS = YES;
				TARGETED_DEVICE_FAMILY = "1,2";
			};
			name = Debug;
		};
		40D6D9782BD5306500D18350 /* Release */ = {
			isa = XCBuildConfiguration;
			buildSettings = {
				ASSETCATALOG_COMPILER_APPICON_NAME = AppIcon;
				ASSETCATALOG_COMPILER_GLOBAL_ACCENT_COLOR_NAME = AccentColor;
				CODE_SIGN_STYLE = Automatic;
				CURRENT_PROJECT_VERSION = 1;
				GENERATE_INFOPLIST_FILE = YES;
				INFOPLIST_FILE = ToDo/Info.plist;
				INFOPLIST_KEY_UIApplicationSupportsIndirectInputEvents = YES;
				INFOPLIST_KEY_UILaunchStoryboardName = LaunchScreen;
				INFOPLIST_KEY_UIMainStoryboardFile = Main;
				INFOPLIST_KEY_UISupportedInterfaceOrientations_iPad = "UIInterfaceOrientationPortrait UIInterfaceOrientationPortraitUpsideDown UIInterfaceOrientationLandscapeLeft UIInterfaceOrientationLandscapeRight";
				INFOPLIST_KEY_UISupportedInterfaceOrientations_iPhone = "UIInterfaceOrientationPortrait UIInterfaceOrientationLandscapeLeft UIInterfaceOrientationLandscapeRight";
				IPHONEOS_DEPLOYMENT_TARGET = 15.0;
				LD_RUNPATH_SEARCH_PATHS = (
					"$(inherited)",
					"@executable_path/Frameworks",
				);
				MARKETING_VERSION = 1.0;
				PRODUCT_BUNDLE_IDENTIFIER = ITI.ToDo;
				PRODUCT_NAME = "$(TARGET_NAME)";
				SWIFT_EMIT_LOC_STRINGS = YES;
				TARGETED_DEVICE_FAMILY = "1,2";
			};
			name = Release;
		};
/* End XCBuildConfiguration section */

/* Begin XCConfigurationList section */
		40D6D9582BD5306300D18350 /* Build configuration list for PBXProject "ToDo" */ = {
			isa = XCConfigurationList;
			buildConfigurations = (
				40D6D9742BD5306500D18350 /* Debug */,
				40D6D9752BD5306500D18350 /* Release */,
			);
			defaultConfigurationIsVisible = 0;
			defaultConfigurationName = Release;
		};
		40D6D9762BD5306500D18350 /* Build configuration list for PBXNativeTarget "ToDo" */ = {
			isa = XCConfigurationList;
			buildConfigurations = (
				40D6D9772BD5306500D18350 /* Debug */,
				40D6D9782BD5306500D18350 /* Release */,
			);
			defaultConfigurationIsVisible = 0;
			defaultConfigurationName = Release;
		};
/* End XCConfigurationList section */
	};
	rootObject = 40D6D9552BD5306300D18350 /* Project object */;
}
